
Microsoft Visual Studio Solution File, Format Version 12.00
# Visual Studio Version 17
VisualStudioVersion = 17.14.36109.1
MinimumVisualStudioVersion = 10.0.40219.1
Project("{FAE04EC0-301F-11D3-BF4B-00C04F79EFBC}") = "Chat.Server", "Chat.Server\Chat.Server.csproj", "{B4DE9BFF-9463-4E4F-8A57-A04792656A14}"
EndProject
Project("{FAE04EC0-301F-11D3-BF4B-00C04F79EFBC}") = "Chat.Infrastructure", "Chat.Infrastructure\Chat.Infrastructure.csproj", "{659E29EF-3001-4CBC-B83B-9F53D8FB6CA2}"
EndProject
Project("{FAE04EC0-301F-11D3-BF4B-00C04F79EFBC}") = "Chat.Contracts", "Chat.Contracts\Chat.Contracts.csproj", "{BFE4335D-FBA3-4438-AABE-6C174E1355C4}"
EndProject
Project("{FAE04EC0-301F-11D3-BF4B-00C04F79EFBC}") = "Chat.Domain", "Chat.Domain\Chat.Domain.csproj", "{3A8683A7-4F15-44B3-81A8-7F9DBE79DA5D}"
EndProject
Project("{FAE04EC0-301F-11D3-BF4B-00C04F79EFBC}") = "Chat.Client", "Chat.Client\Chat.Client.csproj", "{3B9A4711-838F-4CC9-907E-21D4859E4009}"
EndProject
Project("{54435603-DBB4-11D2-8724-00A0C9A8B90C}") = "ChatliyoSetup", "ChatliyoSetup\ChatliyoSetup.vdproj", "{94C5FDE1-62D5-702C-58C2-5BBC9F3100FD}"
EndProject
Global
	GlobalSection(SolutionConfigurationPlatforms) = preSolution
		Debug|Any CPU = Debug|Any CPU
		Debug|x64 = Debug|x64
		Release|Any CPU = Release|Any CPU
		Release|x64 = Release|x64
	EndGlobalSection
	GlobalSection(ProjectConfigurationPlatforms) = postSolution
		{B4DE9BFF-9463-4E4F-8A57-A04792656A14}.Debug|Any CPU.ActiveCfg = Debug|Any CPU
		{B4DE9BFF-9463-4E4F-8A57-A04792656A14}.Debug|Any CPU.Build.0 = Debug|Any CPU
		{B4DE9BFF-9463-4E4F-8A57-A04792656A14}.Debug|x64.ActiveCfg = Debug|Any CPU
		{B4DE9BFF-9463-4E4F-8A57-A04792656A14}.Debug|x64.Build.0 = Debug|Any CPU
		{B4DE9BFF-9463-4E4F-8A57-A04792656A14}.Release|Any CPU.ActiveCfg = Release|Any CPU
		{B4DE9BFF-9463-4E4F-8A57-A04792656A14}.Release|Any CPU.Build.0 = Release|Any CPU
		{B4DE9BFF-9463-4E4F-8A57-A04792656A14}.Release|x64.ActiveCfg = Release|Any CPU
		{B4DE9BFF-9463-4E4F-8A57-A04792656A14}.Release|x64.Build.0 = Release|Any CPU
		{659E29EF-3001-4CBC-B83B-9F53D8FB6CA2}.Debug|Any CPU.ActiveCfg = Debug|Any CPU
		{659E29EF-3001-4CBC-B83B-9F53D8FB6CA2}.Debug|Any CPU.Build.0 = Debug|Any CPU
		{659E29EF-3001-4CBC-B83B-9F53D8FB6CA2}.Debug|x64.ActiveCfg = Debug|Any CPU
		{659E29EF-3001-4CBC-B83B-9F53D8FB6CA2}.Debug|x64.Build.0 = Debug|Any CPU
		{659E29EF-3001-4CBC-B83B-9F53D8FB6CA2}.Release|Any CPU.ActiveCfg = Release|Any CPU
		{659E29EF-3001-4CBC-B83B-9F53D8FB6CA2}.Release|Any CPU.Build.0 = Release|Any CPU
		{659E29EF-3001-4CBC-B83B-9F53D8FB6CA2}.Release|x64.ActiveCfg = Release|Any CPU
		{659E29EF-3001-4CBC-B83B-9F53D8FB6CA2}.Release|x64.Build.0 = Release|Any CPU
		{BFE4335D-FBA3-4438-AABE-6C174E1355C4}.Debug|Any CPU.ActiveCfg = Debug|Any CPU
		{BFE4335D-FBA3-4438-AABE-6C174E1355C4}.Debug|Any CPU.Build.0 = Debug|Any CPU
		{BFE4335D-FBA3-4438-AABE-6C174E1355C4}.Debug|x64.ActiveCfg = Debug|Any CPU
		{BFE4335D-FBA3-4438-AABE-6C174E1355C4}.Debug|x64.Build.0 = Debug|Any CPU
		{BFE4335D-FBA3-4438-AABE-6C174E1355C4}.Release|Any CPU.ActiveCfg = Release|Any CPU
		{BFE4335D-FBA3-4438-AABE-6C174E1355C4}.Release|Any CPU.Build.0 = Release|Any CPU
		{BFE4335D-FBA3-4438-AABE-6C174E1355C4}.Release|x64.ActiveCfg = Release|Any CPU
		{BFE4335D-FBA3-4438-AABE-6C174E1355C4}.Release|x64.Build.0 = Release|Any CPU
		{3A8683A7-4F15-44B3-81A8-7F9DBE79DA5D}.Debug|Any CPU.ActiveCfg = Debug|Any CPU
		{3A8683A7-4F15-44B3-81A8-7F9DBE79DA5D}.Debug|Any CPU.Build.0 = Debug|Any CPU
		{3A8683A7-4F15-44B3-81A8-7F9DBE79DA5D}.Debug|x64.ActiveCfg = Debug|Any CPU
		{3A8683A7-4F15-44B3-81A8-7F9DBE79DA5D}.Debug|x64.Build.0 = Debug|Any CPU
		{3A8683A7-4F15-44B3-81A8-7F9DBE79DA5D}.Release|Any CPU.ActiveCfg = Release|Any CPU
		{3A8683A7-4F15-44B3-81A8-7F9DBE79DA5D}.Release|Any CPU.Build.0 = Release|Any CPU
		{3A8683A7-4F15-44B3-81A8-7F9DBE79DA5D}.Release|x64.ActiveCfg = Release|Any CPU
		{3A8683A7-4F15-44B3-81A8-7F9DBE79DA5D}.Release|x64.Build.0 = Release|Any CPU
		{3B9A4711-838F-4CC9-907E-21D4859E4009}.Debug|Any CPU.ActiveCfg = Debug|Any CPU
		{3B9A4711-838F-4CC9-907E-21D4859E4009}.Debug|Any CPU.Build.0 = Debug|Any CPU
		{3B9A4711-838F-4CC9-907E-21D4859E4009}.Debug|x64.ActiveCfg = Debug|x64
		{3B9A4711-838F-4CC9-907E-21D4859E4009}.Debug|x64.Build.0 = Debug|x64
		{3B9A4711-838F-4CC9-907E-21D4859E4009}.Release|Any CPU.ActiveCfg = Release|Any CPU
		{3B9A4711-838F-4CC9-907E-21D4859E4009}.Release|Any CPU.Build.0 = Release|Any CPU
		{3B9A4711-838F-4CC9-907E-21D4859E4009}.Release|x64.ActiveCfg = Release|x64
		{3B9A4711-838F-4CC9-907E-21D4859E4009}.Release|x64.Build.0 = Release|x64
		{94C5FDE1-62D5-702C-58C2-5BBC9F3100FD}.Debug|Any CPU.ActiveCfg = Debug
		{94C5FDE1-62D5-702C-58C2-5BBC9F3100FD}.Debug|x64.ActiveCfg = Debug
		{94C5FDE1-62D5-702C-58C2-5BBC9F3100FD}.Release|Any CPU.ActiveCfg = Release
		{94C5FDE1-62D5-702C-58C2-5BBC9F3100FD}.Release|x64.ActiveCfg = Release
		{94C5FDE1-62D5-702C-58C2-5BBC9F3100FD}.Release|x64.Build.0 = Release
	EndGlobalSection
	GlobalSection(SolutionProperties) = preSolution
		HideSolutionNode = FALSE
	EndGlobalSection
	GlobalSection(ExtensibilityGlobals) = postSolution
		SolutionGuid = {D71C2BF5-9FA3-4D93-8583-A1DBF1C69BAF}
	EndGlobalSection
EndGlobal
